
Microsoft Visual Studio Solution File, Format Version 12.00
# Visual Studio Version 17
VisualStudioVersion = 17.8.34525.116
MinimumVisualStudioVersion = 10.0.40219.1
Project("{FAE04EC0-301F-11D3-BF4B-00C04F79EFBC}") = "ConsoleUI", "ConsoleUI\ConsoleUI.csproj", "{23EA4ECC-99D3-496C-A7EA-67C03E797005}"
EndProject
Global
	GlobalSection(SolutionConfigurationPlatforms) = preSolution
		Debug|Any CPU = Debug|Any CPU
		Release|Any CPU = Release|Any CPU
	EndGlobalSection
	GlobalSection(ProjectConfigurationPlatforms) = postSolution
		{23EA4ECC-99D3-496C-A7EA-67C03E797005}.Debug|Any CPU.ActiveCfg = Debug|Any CPU
		{23EA4ECC-99D3-496C-A7EA-67C03E797005}.Debug|Any CPU.Build.0 = Debug|Any CPU
		{23EA4ECC-99D3-496C-A7EA-67C03E797005}.Release|Any CPU.ActiveCfg = Release|Any CPU
		{23EA4ECC-99D3-496C-A7EA-67C03E797005}.Release|Any CPU.Build.0 = Release|Any CPU
	EndGlobalSection
	GlobalSection(SolutionProperties) = preSolution
		HideSolutionNode = FALSE
	EndGlobalSection
	GlobalSection(ExtensibilityGlobals) = postSolution
		SolutionGuid = {C71D8402-3983-4CDC-8283-306E6CE065BC}
	EndGlobalSection
EndGlobal
